
Microsoft Visual Studio Solution File, Format Version 12.00
# Visual Studio 15
VisualStudioVersion = 15.0.27703.2018
MinimumVisualStudioVersion = 10.0.40219.1
Project("{FAE04EC0-301F-11D3-BF4B-00C04F79EFBC}") = "CalculandoBhaskara", "CalculandoBhaskara\CalculandoBhaskara.csproj", "{5CDCA9E7-6CAC-4E9E-B662-6E2EA5DA1BBF}"
EndProject
Global
	GlobalSection(SolutionConfigurationPlatforms) = preSolution
		Debug|Any CPU = Debug|Any CPU
		Release|Any CPU = Release|Any CPU
	EndGlobalSection
	GlobalSection(ProjectConfigurationPlatforms) = postSolution
		{5CDCA9E7-6CAC-4E9E-B662-6E2EA5DA1BBF}.Debug|Any CPU.ActiveCfg = Debug|Any CPU
		{5CDCA9E7-6CAC-4E9E-B662-6E2EA5DA1BBF}.Debug|Any CPU.Build.0 = Debug|Any CPU
		{5CDCA9E7-6CAC-4E9E-B662-6E2EA5DA1BBF}.Release|Any CPU.ActiveCfg = Release|Any CPU
		{5CDCA9E7-6CAC-4E9E-B662-6E2EA5DA1BBF}.Release|Any CPU.Build.0 = Release|Any CPU
	EndGlobalSection
	GlobalSection(SolutionProperties) = preSolution
		HideSolutionNode = FALSE
	EndGlobalSection
	GlobalSection(ExtensibilityGlobals) = postSolution
		SolutionGuid = {086B1045-42EB-4D48-A623-C0C3E2E27319}
	EndGlobalSection
EndGlobal
